
Microsoft Visual Studio Solution File, Format Version 12.00
# Visual Studio Version 17
VisualStudioVersion = 17.1.32328.378
MinimumVisualStudioVersion = 10.0.40219.1
Project("{2150E333-8FDC-42A3-9474-1A3956D46DE8}") = "Global", "Global", "{B917AB5C-B159-4612-8D65-B5D2687F7F75}"
	ProjectSection(SolutionItems) = preProject
		.gitignore = .gitignore
		Directory.Build.props = Directory.Build.props
		_Imports\Local.targets = _Imports\Local.targets
		README.md = README.md
	EndProjectSection
EndProject
Project("{2150E333-8FDC-42A3-9474-1A3956D46DE8}") = "src", "src", "{EA89C7CC-E9F3-45AB-B12A-2A9C12593443}"
EndProject
Project("{9A19103F-16F7-4668-BE54-9A1E7A4F7556}") = "MBW.Tests.SignaturesTester", "src\MBW.Tests.SignaturesTester\MBW.Tests.SignaturesTester.csproj", "{A8F3005D-56FD-4658-BC65-B695D2187CE8}"
EndProject
Global
	GlobalSection(SolutionConfigurationPlatforms) = preSolution
		Debug|Any CPU = Debug|Any CPU
		Debug|x64 = Debug|x64
		Debug|x86 = Debug|x86
		Release|Any CPU = Release|Any CPU
		Release|x64 = Release|x64
		Release|x86 = Release|x86
	EndGlobalSection
	GlobalSection(ProjectConfigurationPlatforms) = postSolution
		{A8F3005D-56FD-4658-BC65-B695D2187CE8}.Debug|Any CPU.ActiveCfg = Debug|Any CPU
		{A8F3005D-56FD-4658-BC65-B695D2187CE8}.Debug|Any CPU.Build.0 = Debug|Any CPU
		{A8F3005D-56FD-4658-BC65-B695D2187CE8}.Debug|x64.ActiveCfg = Debug|Any CPU
		{A8F3005D-56FD-4658-BC65-B695D2187CE8}.Debug|x64.Build.0 = Debug|Any CPU
		{A8F3005D-56FD-4658-BC65-B695D2187CE8}.Debug|x86.ActiveCfg = Debug|Any CPU
		{A8F3005D-56FD-4658-BC65-B695D2187CE8}.Debug|x86.Build.0 = Debug|Any CPU
		{A8F3005D-56FD-4658-BC65-B695D2187CE8}.Release|Any CPU.ActiveCfg = Release|Any CPU
		{A8F3005D-56FD-4658-BC65-B695D2187CE8}.Release|Any CPU.Build.0 = Release|Any CPU
		{A8F3005D-56FD-4658-BC65-B695D2187CE8}.Release|x64.ActiveCfg = Release|Any CPU
		{A8F3005D-56FD-4658-BC65-B695D2187CE8}.Release|x64.Build.0 = Release|Any CPU
		{A8F3005D-56FD-4658-BC65-B695D2187CE8}.Release|x86.ActiveCfg = Release|Any CPU
		{A8F3005D-56FD-4658-BC65-B695D2187CE8}.Release|x86.Build.0 = Release|Any CPU
	EndGlobalSection
	GlobalSection(SolutionProperties) = preSolution
		HideSolutionNode = FALSE
	EndGlobalSection
	GlobalSection(NestedProjects) = preSolution
		{A8F3005D-56FD-4658-BC65-B695D2187CE8} = {EA89C7CC-E9F3-45AB-B12A-2A9C12593443}
	EndGlobalSection
	GlobalSection(ExtensibilityGlobals) = postSolution
		SolutionGuid = {F8CB8D65-F749-4E3A-BFAD-A69CB2EE1CC0}
	EndGlobalSection
EndGlobal
